{
    "_readme": [
        "This file locks the dependencies of your project to a known state",
        "Read more about it at https://getcomposer.org/doc/01-basic-usage.md#composer-lock-the-lock-file",
        "This file is @generated automatically"
    ],
    "hash": "6a71e081152dfa2bb177b307bc315b8a",
    "content-hash": "0d3d1e36248f0465b22c67accef2844f",
    "packages": [
        {
            "name": "battis/appmetadata",
            "version": "v1.2.2",
            "source": {
                "type": "git",
                "url": "https://github.com/battis/appmetadata.git",
                "reference": "1d9f4c7e29576dbd4ae0b56bd97c29fc8ff4c3b5"
            },
            "dist": {
                "type": "zip",
                "url": "https://api.github.com/repos/battis/appmetadata/zipball/1d9f4c7e29576dbd4ae0b56bd97c29fc8ff4c3b5",
                "reference": "1d9f4c7e29576dbd4ae0b56bd97c29fc8ff4c3b5",
                "shasum": ""
            },
            "type": "library",
            "autoload": {
                "psr-4": {
                    "Battis\\": "src/"
                }
            },
            "notification-url": "https://packagist.org/downloads/",
            "license": [
                "LGPL-3.0"
            ],
            "authors": [
                {
                    "name": "Seth Battis",
                    "email": "seth@battis.net"
                }
            ],
            "description": "An object to store app metadata backed by a MySQL table",
            "time": "2016-07-22 06:29:17"
        },
        {
            "name": "battis/configxml",
            "version": "v1.0.1",
            "source": {
                "type": "git",
                "url": "https://github.com/battis/configxml.git",
                "reference": "b68daa917e052bd8f53c3be0378b23d33526f961"
            },
            "dist": {
                "type": "zip",
                "url": "https://api.github.com/repos/battis/configxml/zipball/b68daa917e052bd8f53c3be0378b23d33526f961",
                "reference": "b68daa917e052bd8f53c3be0378b23d33526f961",
                "shasum": ""
            },
            "require-dev": {
                "phpunit/phpunit": "~5.0"
            },
            "type": "library",
            "autoload": {
                "psr-4": {
                    "Battis\\": "src/"
                }
            },
            "notification-url": "https://packagist.org/downloads/",
            "license": [
                "LGPL-3.0"
            ],
            "authors": [
                {
                    "name": "Seth Battis",
                    "email": "seth@battis.net"
                }
            ],
            "description": "Load a configuration XML file for quick use",
            "time": "2016-05-09 19:47:21"
        },
        {
            "name": "battis/data-utilities",
            "version": "v0.1",
            "source": {
                "type": "git",
                "url": "https://github.com/battis/data-utilities.git",
                "reference": "9efc9d29ad23d8a3a4d0803408eefbc7f681b012"
            },
            "dist": {
                "type": "zip",
                "url": "https://api.github.com/repos/battis/data-utilities/zipball/9efc9d29ad23d8a3a4d0803408eefbc7f681b012",
                "reference": "9efc9d29ad23d8a3a4d0803408eefbc7f681b012",
                "shasum": ""
            },
            "require-dev": {
                "phpunit/phpunit": "~5.0"
            },
            "type": "library",
            "autoload": {
                "psr-4": {
                    "Battis\\": "src/"
                }
            },
            "notification-url": "https://packagist.org/downloads/",
            "license": [
                "GPL-3.0"
            ],
            "authors": [
                {
                    "name": "Seth Battis",
                    "email": "sethbattis@stmarksschool.org"
                }
            ],
            "description": "A handful of useful helper functions to process data",
            "time": "2016-07-12 14:40:23"
        },
        {
            "name": "battis/educoder-pest-fork",
            "version": "dev-master",
            "source": {
                "type": "git",
                "url": "https://github.com/battis/pest.git",
                "reference": "ee99df2b7e276195d3ab06738f2af3f44f3ed054"
            },
            "dist": {
                "type": "zip",
                "url": "https://api.github.com/repos/battis/pest/zipball/ee99df2b7e276195d3ab06738f2af3f44f3ed054",
                "reference": "ee99df2b7e276195d3ab06738f2af3f44f3ed054",
                "shasum": ""
            },
            "require": {
                "lib-curl": "*",
                "php": ">=5.2"
            },
            "type": "library",
            "autoload": {
                "classmap": [
                    ""
                ]
            },
            "notification-url": "https://packagist.org/downloads/",
            "license": [
                "MIT"
            ],
            "authors": [
                {
                    "name": "Matt Zukowski",
                    "email": "matt@zukowski.ca"
                },
                {
                    "name": "Donald Sipe",
                    "email": "donald.sipe@gmail.com"
                }
            ],
            "description": "A proper REST client for PHP.",
            "homepage": "https://github.com/educoder/pest",
            "time": "2016-03-23 15:38:23"
        },
        {
            "name": "myclabs/php-enum",
            "version": "1.4.1",
            "source": {
                "type": "git",
                "url": "https://github.com/myclabs/php-enum.git",
                "reference": "07da9d1a7469941ae05b046193fac4c83bdb0d7e"
            },
            "dist": {
                "type": "zip",
                "url": "https://api.github.com/repos/myclabs/php-enum/zipball/07da9d1a7469941ae05b046193fac4c83bdb0d7e",
                "reference": "07da9d1a7469941ae05b046193fac4c83bdb0d7e",
                "shasum": ""
            },
            "require": {
                "php": ">=5.3"
            },
            "require-dev": {
                "phpunit/phpunit": "4.*",
                "squizlabs/php_codesniffer": "1.*"
            },
            "type": "library",
            "autoload": {
                "psr-4": {
                    "MyCLabs\\Enum\\": "src/"
                }
            },
            "notification-url": "https://packagist.org/downloads/",
            "license": [
                "MIT"
            ],
            "authors": [
                {
                    "name": "PHP Enum contributors",
                    "homepage": "https://github.com/myclabs/php-enum/graphs/contributors"
                }
            ],
            "description": "PHP Enum implementation",
            "homepage": "http://github.com/myclabs/php-enum",
            "keywords": [
                "enum"
            ],
            "time": "2015-07-22 16:14:03"
        },
        {
            "name": "pear/log",
            "version": "1.13.1",
            "source": {
                "type": "git",
                "url": "https://github.com/pear/Log.git",
                "reference": "c4be9ded2353c7c231d4c35cc3da75b209453803"
            },
            "dist": {
                "type": "zip",
                "url": "https://api.github.com/repos/pear/Log/zipball/c4be9ded2353c7c231d4c35cc3da75b209453803",
                "reference": "c4be9ded2353c7c231d4c35cc3da75b209453803",
                "shasum": ""
            },
            "require": {
                "pear/pear_exception": "1.0.0",
                "php": ">5.2"
            },
            "require-dev": {
                "phpunit/phpunit": "*"
            },
            "suggest": {
                "pear/db": "Install optionally via your project's composer.json"
            },
            "type": "library",
            "autoload": {
                "psr-0": {
                    "Log": "./"
                }
            },
            "notification-url": "https://packagist.org/downloads/",
            "include-path": [
                ""
            ],
            "license": [
                "MIT"
            ],
            "authors": [
                {
                    "name": "Jon Parise",
                    "email": "jon@php.net",
                    "homepage": "http://www.indelible.org",
                    "role": "Developer"
                }
            ],
            "description": "PEAR Logging Framework",
            "homepage": "http://pear.github.io/Log/",
            "keywords": [
                "log",
                "logging"
            ],
            "time": "2016-04-16 00:49:33"
        },
        {
            "name": "pear/pear_exception",
            "version": "v1.0.0",
            "source": {
                "type": "git",
                "url": "https://github.com/pear/PEAR_Exception.git",
                "reference": "8c18719fdae000b690e3912be401c76e406dd13b"
            },
            "dist": {
                "type": "zip",
                "url": "https://api.github.com/repos/pear/PEAR_Exception/zipball/8c18719fdae000b690e3912be401c76e406dd13b",
                "reference": "8c18719fdae000b690e3912be401c76e406dd13b",
                "shasum": ""
            },
            "require": {
                "php": ">=4.4.0"
            },
            "require-dev": {
                "phpunit/phpunit": "*"
            },
            "type": "class",
            "extra": {
                "branch-alias": {
                    "dev-master": "1.0.x-dev"
                }
            },
            "autoload": {
                "psr-0": {
                    "PEAR": ""
                }
            },
            "notification-url": "https://packagist.org/downloads/",
            "include-path": [
                "."
            ],
            "license": [
                "BSD-2-Clause"
            ],
            "authors": [
                {
                    "name": "Helgi Thormar",
                    "email": "dufuz@php.net"
                },
                {
                    "name": "Greg Beaver",
                    "email": "cellog@php.net"
                }
            ],
            "description": "The PEAR Exception base class.",
            "homepage": "https://github.com/pear/PEAR_Exception",
            "keywords": [
                "exception"
            ],
            "time": "2015-02-10 20:07:52"
        },
        {
            "name": "smtech/canvaspest",
            "version": "v1.1.4",
            "source": {
                "type": "git",
                "url": "https://github.com/smtech/canvaspest.git",
                "reference": "d9b48fb1e368bbaccfd305c5fe49c07da1519f39"
            },
            "dist": {
                "type": "zip",
                "url": "https://api.github.com/repos/smtech/canvaspest/zipball/d9b48fb1e368bbaccfd305c5fe49c07da1519f39",
                "reference": "d9b48fb1e368bbaccfd305c5fe49c07da1519f39",
                "shasum": ""
            },
            "require": {
                "battis/educoder-pest-fork": "dev-master"
            },
            "type": "library",
            "autoload": {
                "psr-4": {
                    "smtech\\CanvasPest\\": "src/"
                }
            },
            "notification-url": "https://packagist.org/downloads/",
            "license": [
                "LGPL-3.0"
            ],
            "authors": [
                {
                    "name": "Seth Battis",
                    "email": "sethbattis@stmarksschool.org"
                }
            ],
            "description": "An extension of Pest to make RESTful queries to the Instructure Canvas API",
            "time": "2016-06-10 13:35:42"
        },
        {
            "name": "smtech/lti-configuration-xml",
            "version": "v1.0",
            "source": {
                "type": "git",
                "url": "https://github.com/smtech/lti-configuration-xml.git",
                "reference": "0828b0fb1d4311a56f84229f6b4e95e322345390"
            },
            "dist": {
                "type": "zip",
                "url": "https://api.github.com/repos/smtech/lti-configuration-xml/zipball/0828b0fb1d4311a56f84229f6b4e95e322345390",
                "reference": "0828b0fb1d4311a56f84229f6b4e95e322345390",
                "shasum": ""
            },
            "require": {
                "myclabs/php-enum": "~1.0"
            },
            "type": "library",
            "autoload": {
                "psr-4": {
                    "smtech\\LTI\\Configuration\\": "src"
                }
            },
            "notification-url": "https://packagist.org/downloads/",
            "license": [
                "LGPL-3.0"
            ],
            "authors": [
                {
                    "name": "Seth Battis",
                    "email": "sethbattis@stmarksschool.org"
                }
            ],
            "description": "Generate an LTI configuration XML file from parameters",
            "time": "2016-07-21 02:12:02"
        },
        {
            "name": "spvsoftwareproducts/LTI_Tool_Provider",
            "version": "2.5.01",
            "dist": {
                "type": "zip",
                "url": "http://projects.oscelot.org/gf/download/frsrelease/956/6025/LTI_Tool_Provider-2.5.01.zip",
                "reference": null,
                "shasum": null
            },
            "type": "library",
            "autoload": {
                "classmap": [
                    "./"
                ]
            },
            "license": [
                "LGPL-3.0"
            ],
            "authors": [
                {
                    "name": "Stephen Vickers"
                }
            ],
            "homepage": "http://spvsoftwareproducts.com/php/lti_tool_provider/"
        }
    ],
    "packages-dev": [],
    "aliases": [],
    "minimum-stability": "dev",
    "stability-flags": [],
    "prefer-stable": false,
    "prefer-lowest": false,
    "platform": [],
    "platform-dev": []
}
